// !$*UTF8*$!
{
	archiveVersion = 1;
	classes = {
	};
	objectVersion = 50;
	objects = {

/* Begin PBXBuildFile section */
		EA7FAD2D23EC57FB00EABFE2 /* AppDelegate.swift in Sources */ = {isa = PBXBuildFile; fileRef = EA7FAD2C23EC57FB00EABFE2 /* AppDelegate.swift */; };
		EA7FAD2F23EC57FB00EABFE2 /* SceneDelegate.swift in Sources */ = {isa = PBXBuildFile; fileRef = EA7FAD2E23EC57FB00EABFE2 /* SceneDelegate.swift */; };
		EA7FAD3423EC57FB00EABFE2 /* Main.storyboard in Resources */ = {isa = PBXBuildFile; fileRef = EA7FAD3223EC57FB00EABFE2 /* Main.storyboard */; };
		EA7FAD3623EC57FF00EABFE2 /* Assets.xcassets in Resources */ = {isa = PBXBuildFile; fileRef = EA7FAD3523EC57FF00EABFE2 /* Assets.xcassets */; };
		EA7FAD3923EC57FF00EABFE2 /* LaunchScreen.storyboard in Resources */ = {isa = PBXBuildFile; fileRef = EA7FAD3723EC57FF00EABFE2 /* LaunchScreen.storyboard */; };
		EA7FAD4423EC57FF00EABFE2 /* TodoTests.swift in Sources */ = {isa = PBXBuildFile; fileRef = EA7FAD4323EC57FF00EABFE2 /* TodoTests.swift */; };
		EA7FAD4F23EC57FF00EABFE2 /* TodoUITests.swift in Sources */ = {isa = PBXBuildFile; fileRef = EA7FAD4E23EC57FF00EABFE2 /* TodoUITests.swift */; };
		EA7FAD5E23EC58E000EABFE2 /* ItemListViewController.swift in Sources */ = {isa = PBXBuildFile; fileRef = EA7FAD5D23EC58E000EABFE2 /* ItemListViewController.swift */; };
		EA7FAD6023EC592300EABFE2 /* ItemListViewControllerTest.swift in Sources */ = {isa = PBXBuildFile; fileRef = EA7FAD5F23EC592300EABFE2 /* ItemListViewControllerTest.swift */; };
		EA7FAD6223ECF0B600EABFE2 /* ItemListDataProvider.swift in Sources */ = {isa = PBXBuildFile; fileRef = EA7FAD6123ECF0B600EABFE2 /* ItemListDataProvider.swift */; };
/* End PBXBuildFile section */

/* Begin PBXContainerItemProxy section */
		EA7FAD4023EC57FF00EABFE2 /* PBXContainerItemProxy */ = {
			isa = PBXContainerItemProxy;
			containerPortal = EA7FAD2123EC57FB00EABFE2 /* Project object */;
			proxyType = 1;
			remoteGlobalIDString = EA7FAD2823EC57FB00EABFE2;
			remoteInfo = Todo;
		};
		EA7FAD4B23EC57FF00EABFE2 /* PBXContainerItemProxy */ = {
			isa = PBXContainerItemProxy;
			containerPortal = EA7FAD2123EC57FB00EABFE2 /* Project object */;
			proxyType = 1;
			remoteGlobalIDString = EA7FAD2823EC57FB00EABFE2;
			remoteInfo = Todo;
		};
/* End PBXContainerItemProxy section */

/* Begin PBXFileReference section */
		EA7FAD2923EC57FB00EABFE2 /* Todo.app */ = {isa = PBXFileReference; explicitFileType = wrapper.application; includeInIndex = 0; path = Todo.app; sourceTree = BUILT_PRODUCTS_DIR; };
		EA7FAD2C23EC57FB00EABFE2 /* AppDelegate.swift */ = {isa = PBXFileReference; lastKnownFileType = sourcecode.swift; path = AppDelegate.swift; sourceTree = "<group>"; };
		EA7FAD2E23EC57FB00EABFE2 /* SceneDelegate.swift */ = {isa = PBXFileReference; lastKnownFileType = sourcecode.swift; path = SceneDelegate.swift; sourceTree = "<group>"; };
		EA7FAD3323EC57FB00EABFE2 /* Base */ = {isa = PBXFileReference; lastKnownFileType = file.storyboard; name = Base; path = Base.lproj/Main.storyboard; sourceTree = "<group>"; };
		EA7FAD3523EC57FF00EABFE2 /* Assets.xcassets */ = {isa = PBXFileReference; lastKnownFileType = folder.assetcatalog; path = Assets.xcassets; sourceTree = "<group>"; };
		EA7FAD3823EC57FF00EABFE2 /* Base */ = {isa = PBXFileReference; lastKnownFileType = file.storyboard; name = Base; path = Base.lproj/LaunchScreen.storyboard; sourceTree = "<group>"; };
		EA7FAD3A23EC57FF00EABFE2 /* Info.plist */ = {isa = PBXFileReference; lastKnownFileType = text.plist.xml; path = Info.plist; sourceTree = "<group>"; };
		EA7FAD3F23EC57FF00EABFE2 /* TodoTests.xctest */ = {isa = PBXFileReference; explicitFileType = wrapper.cfbundle; includeInIndex = 0; path = TodoTests.xctest; sourceTree = BUILT_PRODUCTS_DIR; };
		EA7FAD4323EC57FF00EABFE2 /* TodoTests.swift */ = {isa = PBXFileReference; lastKnownFileType = sourcecode.swift; path = TodoTests.swift; sourceTree = "<group>"; };
		EA7FAD4523EC57FF00EABFE2 /* Info.plist */ = {isa = PBXFileReference; lastKnownFileType = text.plist.xml; path = Info.plist; sourceTree = "<group>"; };
		EA7FAD4A23EC57FF00EABFE2 /* TodoUITests.xctest */ = {isa = PBXFileReference; explicitFileType = wrapper.cfbundle; includeInIndex = 0; path = TodoUITests.xctest; sourceTree = BUILT_PRODUCTS_DIR; };
		EA7FAD4E23EC57FF00EABFE2 /* TodoUITests.swift */ = {isa = PBXFileReference; lastKnownFileType = sourcecode.swift; path = TodoUITests.swift; sourceTree = "<group>"; };
		EA7FAD5023EC57FF00EABFE2 /* Info.plist */ = {isa = PBXFileReference; lastKnownFileType = text.plist.xml; path = Info.plist; sourceTree = "<group>"; };
		EA7FAD5D23EC58E000EABFE2 /* ItemListViewController.swift */ = {isa = PBXFileReference; lastKnownFileType = sourcecode.swift; path = ItemListViewController.swift; sourceTree = "<group>"; };
		EA7FAD5F23EC592300EABFE2 /* ItemListViewControllerTest.swift */ = {isa = PBXFileReference; lastKnownFileType = sourcecode.swift; path = ItemListViewControllerTest.swift; sourceTree = "<group>"; };
		EA7FAD6123ECF0B600EABFE2 /* ItemListDataProvider.swift */ = {isa = PBXFileReference; lastKnownFileType = sourcecode.swift; path = ItemListDataProvider.swift; sourceTree = "<group>"; };
/* End PBXFileReference section */

/* Begin PBXFrameworksBuildPhase section */
		EA7FAD2623EC57FB00EABFE2 /* Frameworks */ = {
			isa = PBXFrameworksBuildPhase;
			buildActionMask = 2147483647;
			files = (
			);
			runOnlyForDeploymentPostprocessing = 0;
		};
		EA7FAD3C23EC57FF00EABFE2 /* Frameworks */ = {
			isa = PBXFrameworksBuildPhase;
			buildActionMask = 2147483647;
			files = (
			);
			runOnlyForDeploymentPostprocessing = 0;
		};
		EA7FAD4723EC57FF00EABFE2 /* Frameworks */ = {
			isa = PBXFrameworksBuildPhase;
			buildActionMask = 2147483647;
			files = (
			);
			runOnlyForDeploymentPostprocessing = 0;
		};
/* End PBXFrameworksBuildPhase section */

/* Begin PBXGroup section */
		EA7FAD2023EC57FB00EABFE2 = {
			isa = PBXGroup;
			children = (
				EA7FAD2B23EC57FB00EABFE2 /* Todo */,
				EA7FAD4223EC57FF00EABFE2 /* TodoTests */,
				EA7FAD4D23EC57FF00EABFE2 /* TodoUITests */,
				EA7FAD2A23EC57FB00EABFE2 /* Products */,
			);
			sourceTree = "<group>";
		};
		EA7FAD2A23EC57FB00EABFE2 /* Products */ = {
			isa = PBXGroup;
			children = (
				EA7FAD2923EC57FB00EABFE2 /* Todo.app */,
				EA7FAD3F23EC57FF00EABFE2 /* TodoTests.xctest */,
				EA7FAD4A23EC57FF00EABFE2 /* TodoUITests.xctest */,
			);
			name = Products;
			sourceTree = "<group>";
		};
		EA7FAD2B23EC57FB00EABFE2 /* Todo */ = {
			isa = PBXGroup;
			children = (
				EA7FAD5C23EC58B500EABFE2 /* Model */,
				EA7FAD2C23EC57FB00EABFE2 /* AppDelegate.swift */,
				EA7FAD2E23EC57FB00EABFE2 /* SceneDelegate.swift */,
				EA7FAD3223EC57FB00EABFE2 /* Main.storyboard */,
				EA7FAD3523EC57FF00EABFE2 /* Assets.xcassets */,
				EA7FAD3723EC57FF00EABFE2 /* LaunchScreen.storyboard */,
				EA7FAD3A23EC57FF00EABFE2 /* Info.plist */,
				EA7FAD5D23EC58E000EABFE2 /* ItemListViewController.swift */,
				EA7FAD6123ECF0B600EABFE2 /* ItemListDataProvider.swift */,
			);
			path = Todo;
			sourceTree = "<group>";
		};
		EA7FAD4223EC57FF00EABFE2 /* TodoTests */ = {
			isa = PBXGroup;
			children = (
				EA7FAD4323EC57FF00EABFE2 /* TodoTests.swift */,
				EA7FAD4523EC57FF00EABFE2 /* Info.plist */,
				EA7FAD5F23EC592300EABFE2 /* ItemListViewControllerTest.swift */,
			);
			path = TodoTests;
			sourceTree = "<group>";
		};
		EA7FAD4D23EC57FF00EABFE2 /* TodoUITests */ = {
			isa = PBXGroup;
			children = (
				EA7FAD4E23EC57FF00EABFE2 /* TodoUITests.swift */,
				EA7FAD5023EC57FF00EABFE2 /* Info.plist */,
			);
			path = TodoUITests;
			sourceTree = "<group>";
		};
		EA7FAD5C23EC58B500EABFE2 /* Model */ = {
			isa = PBXGroup;
			children = (
			);
			path = Model;
			sourceTree = "<group>";
		};
/* End PBXGroup section */

/* Begin PBXNativeTarget section */
		EA7FAD2823EC57FB00EABFE2 /* Todo */ = {
			isa = PBXNativeTarget;
			buildConfigurationList = EA7FAD5323EC57FF00EABFE2 /* Build configuration list for PBXNativeTarget "Todo" */;
			buildPhases = (
				EA7FAD2523EC57FB00EABFE2 /* Sources */,
				EA7FAD2623EC57FB00EABFE2 /* Frameworks */,
				EA7FAD2723EC57FB00EABFE2 /* Resources */,
			);
			buildRules = (
			);
			dependencies = (
			);
			name = Todo;
			productName = Todo;
			productReference = EA7FAD2923EC57FB00EABFE2 /* Todo.app */;
			productType = "com.apple.product-type.application";
		};
		EA7FAD3E23EC57FF00EABFE2 /* TodoTests */ = {
			isa = PBXNativeTarget;
			buildConfigurationList = EA7FAD5623EC57FF00EABFE2 /* Build configuration list for PBXNativeTarget "TodoTests" */;
			buildPhases = (
				EA7FAD3B23EC57FF00EABFE2 /* Sources */,
				EA7FAD3C23EC57FF00EABFE2 /* Frameworks */,
				EA7FAD3D23EC57FF00EABFE2 /* Resources */,
			);
			buildRules = (
			);
			dependencies = (
				EA7FAD4123EC57FF00EABFE2 /* PBXTargetDependency */,
			);
			name = TodoTests;
			productName = TodoTests;
			productReference = EA7FAD3F23EC57FF00EABFE2 /* TodoTests.xctest */;
			productType = "com.apple.product-type.bundle.unit-test";
		};
		EA7FAD4923EC57FF00EABFE2 /* TodoUITests */ = {
			isa = PBXNativeTarget;
			buildConfigurationList = EA7FAD5923EC57FF00EABFE2 /* Build configuration list for PBXNativeTarget "TodoUITests" */;
			buildPhases = (
				EA7FAD4623EC57FF00EABFE2 /* Sources */,
				EA7FAD4723EC57FF00EABFE2 /* Frameworks */,
				EA7FAD4823EC57FF00EABFE2 /* Resources */,
			);
			buildRules = (
			);
			dependencies = (
				EA7FAD4C23EC57FF00EABFE2 /* PBXTargetDependency */,
			);
			name = TodoUITests;
			productName = TodoUITests;
			productReference = EA7FAD4A23EC57FF00EABFE2 /* TodoUITests.xctest */;
			productType = "com.apple.product-type.bundle.ui-testing";
		};
/* End PBXNativeTarget section */

/* Begin PBXProject section */
		EA7FAD2123EC57FB00EABFE2 /* Project object */ = {
			isa = PBXProject;
			attributes = {
				LastSwiftUpdateCheck = 1130;
				LastUpgradeCheck = 1130;
				ORGANIZATIONNAME = "Ruchira Munidasa";
				TargetAttributes = {
					EA7FAD2823EC57FB00EABFE2 = {
						CreatedOnToolsVersion = 11.3.1;
					};
					EA7FAD3E23EC57FF00EABFE2 = {
						CreatedOnToolsVersion = 11.3.1;
						TestTargetID = EA7FAD2823EC57FB00EABFE2;
					};
					EA7FAD4923EC57FF00EABFE2 = {
						CreatedOnToolsVersion = 11.3.1;
						TestTargetID = EA7FAD2823EC57FB00EABFE2;
					};
				};
			};
			buildConfigurationList = EA7FAD2423EC57FB00EABFE2 /* Build configuration list for PBXProject "Todo" */;
			compatibilityVersion = "Xcode 9.3";
			developmentRegion = en;
			hasScannedForEncodings = 0;
			knownRegions = (
				en,
				Base,
			);
			mainGroup = EA7FAD2023EC57FB00EABFE2;
			productRefGroup = EA7FAD2A23EC57FB00EABFE2 /* Products */;
			projectDirPath = "";
			projectRoot = "";
			targets = (
				EA7FAD2823EC57FB00EABFE2 /* Todo */,
				EA7FAD3E23EC57FF00EABFE2 /* TodoTests */,
				EA7FAD4923EC57FF00EABFE2 /* TodoUITests */,
			);
		};
/* End PBXProject section */

/* Begin PBXResourcesBuildPhase section */
		EA7FAD2723EC57FB00EABFE2 /* Resources */ = {
			isa = PBXResourcesBuildPhase;
			buildActionMask = 2147483647;
			files = (
				EA7FAD3923EC57FF00EABFE2 /* LaunchScreen.storyboard in Resources */,
				EA7FAD3623EC57FF00EABFE2 /* Assets.xcassets in Resources */,
				EA7FAD3423EC57FB00EABFE2 /* Main.storyboard in Resources */,
			);
			runOnlyForDeploymentPostprocessing = 0;
		};
		EA7FAD3D23EC57FF00EABFE2 /* Resources */ = {
			isa = PBXResourcesBuildPhase;
			buildActionMask = 2147483647;
			files = (
			);
			runOnlyForDeploymentPostprocessing = 0;
		};
		EA7FAD4823EC57FF00EABFE2 /* Resources */ = {
			isa = PBXResourcesBuildPhase;
			buildActionMask = 2147483647;
			files = (
			);
			runOnlyForDeploymentPostprocessing = 0;
		};
/* End PBXResourcesBuildPhase section */

/* Begin PBXSourcesBuildPhase section */
		EA7FAD2523EC57FB00EABFE2 /* Sources */ = {
			isa = PBXSourcesBuildPhase;
			buildActionMask = 2147483647;
			files = (
				EA7FAD5E23EC58E000EABFE2 /* ItemListViewController.swift in Sources */,
				EA7FAD6223ECF0B600EABFE2 /* ItemListDataProvider.swift in Sources */,
				EA7FAD2D23EC57FB00EABFE2 /* AppDelegate.swift in Sources */,
				EA7FAD2F23EC57FB00EABFE2 /* SceneDelegate.swift in Sources */,
			);
			runOnlyForDeploymentPostprocessing = 0;
		};
		EA7FAD3B23EC57FF00EABFE2 /* Sources */ = {
			isa = PBXSourcesBuildPhase;
			buildActionMask = 2147483647;
			files = (
				EA7FAD6023EC592300EABFE2 /* ItemListViewControllerTest.swift in Sources */,
				EA7FAD4423EC57FF00EABFE2 /* TodoTests.swift in Sources */,
			);
			runOnlyForDeploymentPostprocessing = 0;
		};
		EA7FAD4623EC57FF00EABFE2 /* Sources */ = {
			isa = PBXSourcesBuildPhase;
			buildActionMask = 2147483647;
			files = (
				EA7FAD4F23EC57FF00EABFE2 /* TodoUITests.swift in Sources */,
			);
			runOnlyForDeploymentPostprocessing = 0;
		};
/* End PBXSourcesBuildPhase section */

/* Begin PBXTargetDependency section */
		EA7FAD4123EC57FF00EABFE2 /* PBXTargetDependency */ = {
			isa = PBXTargetDependency;
			target = EA7FAD2823EC57FB00EABFE2 /* Todo */;
			targetProxy = EA7FAD4023EC57FF00EABFE2 /* PBXContainerItemProxy */;
		};
		EA7FAD4C23EC57FF00EABFE2 /* PBXTargetDependency */ = {
			isa = PBXTargetDependency;
			target = EA7FAD2823EC57FB00EABFE2 /* Todo */;
			targetProxy = EA7FAD4B23EC57FF00EABFE2 /* PBXContainerItemProxy */;
		};
/* End PBXTargetDependency section */

/* Begin PBXVariantGroup section */
		EA7FAD3223EC57FB00EABFE2 /* Main.storyboard */ = {
			isa = PBXVariantGroup;
			children = (
				EA7FAD3323EC57FB00EABFE2 /* Base */,
			);
			name = Main.storyboard;
			sourceTree = "<group>";
		};
		EA7FAD3723EC57FF00EABFE2 /* LaunchScreen.storyboard */ = {
			isa = PBXVariantGroup;
			children = (
				EA7FAD3823EC57FF00EABFE2 /* Base */,
			);
			name = LaunchScreen.storyboard;
			sourceTree = "<group>";
		};
/* End PBXVariantGroup section */

/* Begin XCBuildConfiguration section */
		EA7FAD5123EC57FF00EABFE2 /* Debug */ = {
			isa = XCBuildConfiguration;
			buildSettings = {
				ALWAYS_SEARCH_USER_PATHS = NO;
				CLANG_ANALYZER_NONNULL = YES;
				CLANG_ANALYZER_NUMBER_OBJECT_CONVERSION = YES_AGGRESSIVE;
				CLANG_CXX_LANGUAGE_STANDARD = "gnu++14";
				CLANG_CXX_LIBRARY = "libc++";
				CLANG_ENABLE_MODULES = YES;
				CLANG_ENABLE_OBJC_ARC = YES;
				CLANG_ENABLE_OBJC_WEAK = YES;
				CLANG_WARN_BLOCK_CAPTURE_AUTORELEASING = YES;
				CLANG_WARN_BOOL_CONVERSION = YES;
				CLANG_WARN_COMMA = YES;
				CLANG_WARN_CONSTANT_CONVERSION = YES;
				CLANG_WARN_DEPRECATED_OBJC_IMPLEMENTATIONS = YES;
				CLANG_WARN_DIRECT_OBJC_ISA_USAGE = YES_ERROR;
				CLANG_WARN_DOCUMENTATION_COMMENTS = YES;
				CLANG_WARN_EMPTY_BODY = YES;
				CLANG_WARN_ENUM_CONVERSION = YES;
				CLANG_WARN_INFINITE_RECURSION = YES;
				CLANG_WARN_INT_CONVERSION = YES;
				CLANG_WARN_NON_LITERAL_NULL_CONVERSION = YES;
				CLANG_WARN_OBJC_IMPLICIT_RETAIN_SELF = YES;
				CLANG_WARN_OBJC_LITERAL_CONVERSION = YES;
				CLANG_WARN_OBJC_ROOT_CLASS = YES_ERROR;
				CLANG_WARN_RANGE_LOOP_ANALYSIS = YES;
				CLANG_WARN_STRICT_PROTOTYPES = YES;
				CLANG_WARN_SUSPICIOUS_MOVE = YES;
				CLANG_WARN_UNGUARDED_AVAILABILITY = YES_AGGRESSIVE;
				CLANG_WARN_UNREACHABLE_CODE = YES;
				CLANG_WARN__DUPLICATE_METHOD_MATCH = YES;
				COPY_PHASE_STRIP = NO;
				DEBUG_INFORMATION_FORMAT = dwarf;
				ENABLE_STRICT_OBJC_MSGSEND = YES;
				ENABLE_TESTABILITY = YES;
				GCC_C_LANGUAGE_STANDARD = gnu11;
				GCC_DYNAMIC_NO_PIC = NO;
				GCC_NO_COMMON_BLOCKS = YES;
				GCC_OPTIMIZATION_LEVEL = 0;
				GCC_PREPROCESSOR_DEFINITIONS = (
					"DEBUG=1",
					"$(inherited)",
				);
				GCC_WARN_64_TO_32_BIT_CONVERSION = YES;
				GCC_WARN_ABOUT_RETURN_TYPE = YES_ERROR;
				GCC_WARN_UNDECLARED_SELECTOR = YES;
				GCC_WARN_UNINITIALIZED_AUTOS = YES_AGGRESSIVE;
				GCC_WARN_UNUSED_FUNCTION = YES;
				GCC_WARN_UNUSED_VARIABLE = YES;
				IPHONEOS_DEPLOYMENT_TARGET = 13.2;
				MTL_ENABLE_DEBUG_INFO = INCLUDE_SOURCE;
				MTL_FAST_MATH = YES;
				ONLY_ACTIVE_ARCH = YES;
				SDKROOT = iphoneos;
				SWIFT_ACTIVE_COMPILATION_CONDITIONS = DEBUG;
				SWIFT_OPTIMIZATION_LEVEL = "-Onone";
			};
			name = Debug;
		};
		EA7FAD5223EC57FF00EABFE2 /* Release */ = {
			isa = XCBuildConfiguration;
			buildSettings = {
				ALWAYS_SEARCH_USER_PATHS = NO;
				CLANG_ANALYZER_NONNULL = YES;
				CLANG_ANALYZER_NUMBER_OBJECT_CONVERSION = YES_AGGRESSIVE;
				CLANG_CXX_LANGUAGE_STANDARD = "gnu++14";
				CLANG_CXX_LIBRARY = "libc++";
				CLANG_ENABLE_MODULES = YES;
				CLANG_ENABLE_OBJC_ARC = YES;
				CLANG_ENABLE_OBJC_WEAK = YES;
				CLANG_WARN_BLOCK_CAPTURE_AUTORELEASING = YES;
				CLANG_WARN_BOOL_CONVERSION = YES;
				CLANG_WARN_COMMA = YES;
				CLANG_WARN_CONSTANT_CONVERSION = YES;
				CLANG_WARN_DEPRECATED_OBJC_IMPLEMENTATIONS = YES;
				CLANG_WARN_DIRECT_OBJC_ISA_USAGE = YES_ERROR;
				CLANG_WARN_DOCUMENTATION_COMMENTS = YES;
				CLANG_WARN_EMPTY_BODY = YES;
				CLANG_WARN_ENUM_CONVERSION = YES;
				CLANG_WARN_INFINITE_RECURSION = YES;
				CLANG_WARN_INT_CONVERSION = YES;
				CLANG_WARN_NON_LITERAL_NULL_CONVERSION = YES;
				CLANG_WARN_OBJC_IMPLICIT_RETAIN_SELF = YES;
				CLANG_WARN_OBJC_LITERAL_CONVERSION = YES;
				CLANG_WARN_OBJC_ROOT_CLASS = YES_ERROR;
				CLANG_WARN_RANGE_LOOP_ANALYSIS = YES;
				CLANG_WARN_STRICT_PROTOTYPES = YES;
				CLANG_WARN_SUSPICIOUS_MOVE = YES;
				CLANG_WARN_UNGUARDED_AVAILABILITY = YES_AGGRESSIVE;
				CLANG_WARN_UNREACHABLE_CODE = YES;
				CLANG_WARN__DUPLICATE_METHOD_MATCH = YES;
				COPY_PHASE_STRIP = NO;
				DEBUG_INFORMATION_FORMAT = "dwarf-with-dsym";
				ENABLE_NS_ASSERTIONS = NO;
				ENABLE_STRICT_OBJC_MSGSEND = YES;
				GCC_C_LANGUAGE_STANDARD = gnu11;
				GCC_NO_COMMON_BLOCKS = YES;
				GCC_WARN_64_TO_32_BIT_CONVERSION = YES;
				GCC_WARN_ABOUT_RETURN_TYPE = YES_ERROR;
				GCC_WARN_UNDECLARED_SELECTOR = YES;
				GCC_WARN_UNINITIALIZED_AUTOS = YES_AGGRESSIVE;
				GCC_WARN_UNUSED_FUNCTION = YES;
				GCC_WARN_UNUSED_VARIABLE = YES;
				IPHONEOS_DEPLOYMENT_TARGET = 13.2;
				MTL_ENABLE_DEBUG_INFO = NO;
				MTL_FAST_MATH = YES;
				SDKROOT = iphoneos;
				SWIFT_COMPILATION_MODE = wholemodule;
				SWIFT_OPTIMIZATION_LEVEL = "-O";
				VALIDATE_PRODUCT = YES;
			};
			name = Release;
		};
		EA7FAD5423EC57FF00EABFE2 /* Debug */ = {
			isa = XCBuildConfiguration;
			buildSettings = {
				ASSETCATALOG_COMPILER_APPICON_NAME = AppIcon;
				CODE_SIGN_STYLE = Automatic;
				DEVELOPMENT_TEAM = JBCS6AG73F;
				INFOPLIST_FILE = Todo/Info.plist;
				LD_RUNPATH_SEARCH_PATHS = (
					"$(inherited)",
					"@executable_path/Frameworks",
				);
				PRODUCT_BUNDLE_IDENTIFIER = com.ruchiram.Todo;
				PRODUCT_NAME = "$(TARGET_NAME)";
				SWIFT_VERSION = 5.0;
				TARGETED_DEVICE_FAMILY = "1,2";
			};
			name = Debug;
		};
		EA7FAD5523EC57FF00EABFE2 /* Release */ = {
			isa = XCBuildConfiguration;
			buildSettings = {
				ASSETCATALOG_COMPILER_APPICON_NAME = AppIcon;
				CODE_SIGN_STYLE = Automatic;
				DEVELOPMENT_TEAM = JBCS6AG73F;
				INFOPLIST_FILE = Todo/Info.plist;
				LD_RUNPATH_SEARCH_PATHS = (
					"$(inherited)",
					"@executable_path/Frameworks",
				);
				PRODUCT_BUNDLE_IDENTIFIER = com.ruchiram.Todo;
				PRODUCT_NAME = "$(TARGET_NAME)";
				SWIFT_VERSION = 5.0;
				TARGETED_DEVICE_FAMILY = "1,2";
			};
			name = Release;
		};
		EA7FAD5723EC57FF00EABFE2 /* Debug */ = {
			isa = XCBuildConfiguration;
			buildSettings = {
				ALWAYS_EMBED_SWIFT_STANDARD_LIBRARIES = YES;
				BUNDLE_LOADER = "$(TEST_HOST)";
				CODE_SIGN_STYLE = Automatic;
				DEVELOPMENT_TEAM = JBCS6AG73F;
				INFOPLIST_FILE = TodoTests/Info.plist;
				IPHONEOS_DEPLOYMENT_TARGET = 13.2;
				LD_RUNPATH_SEARCH_PATHS = (
					"$(inherited)",
					"@executable_path/Frameworks",
					"@loader_path/Frameworks",
				);
				PRODUCT_BUNDLE_IDENTIFIER = com.ruchiram.TodoTests;
				PRODUCT_NAME = "$(TARGET_NAME)";
				SWIFT_VERSION = 5.0;
				TARGETED_DEVICE_FAMILY = "1,2";
				TEST_HOST = "$(BUILT_PRODUCTS_DIR)/Todo.app/Todo";
			};
			name = Debug;
		};
		EA7FAD5823EC57FF00EABFE2 /* Release */ = {
			isa = XCBuildConfiguration;
			buildSettings = {
				ALWAYS_EMBED_SWIFT_STANDARD_LIBRARIES = YES;
				BUNDLE_LOADER = "$(TEST_HOST)";
				CODE_SIGN_STYLE = Automatic;
				DEVELOPMENT_TEAM = JBCS6AG73F;
				INFOPLIST_FILE = TodoTests/Info.plist;
				IPHONEOS_DEPLOYMENT_TARGET = 13.2;
				LD_RUNPATH_SEARCH_PATHS = (
					"$(inherited)",
					"@executable_path/Frameworks",
					"@loader_path/Frameworks",
				);
				PRODUCT_BUNDLE_IDENTIFIER = com.ruchiram.TodoTests;
				PRODUCT_NAME = "$(TARGET_NAME)";
				SWIFT_VERSION = 5.0;
				TARGETED_DEVICE_FAMILY = "1,2";
				TEST_HOST = "$(BUILT_PRODUCTS_DIR)/Todo.app/Todo";
			};
			name = Release;
		};
		EA7FAD5A23EC57FF00EABFE2 /* Debug */ = {
			isa = XCBuildConfiguration;
			buildSettings = {
				ALWAYS_EMBED_SWIFT_STANDARD_LIBRARIES = YES;
				CODE_SIGN_STYLE = Automatic;
				DEVELOPMENT_TEAM = JBCS6AG73F;
				INFOPLIST_FILE = TodoUITests/Info.plist;
				LD_RUNPATH_SEARCH_PATHS = (
					"$(inherited)",
					"@executable_path/Frameworks",
					"@loader_path/Frameworks",
				);
				PRODUCT_BUNDLE_IDENTIFIER = com.ruchiram.TodoUITests;
				PRODUCT_NAME = "$(TARGET_NAME)";
				SWIFT_VERSION = 5.0;
				TARGETED_DEVICE_FAMILY = "1,2";
				TEST_TARGET_NAME = Todo;
			};
			name = Debug;
		};
		EA7FAD5B23EC57FF00EABFE2 /* Release */ = {
			isa = XCBuildConfiguration;
			buildSettings = {
				ALWAYS_EMBED_SWIFT_STANDARD_LIBRARIES = YES;
				CODE_SIGN_STYLE = Automatic;
				DEVELOPMENT_TEAM = JBCS6AG73F;
				INFOPLIST_FILE = TodoUITests/Info.plist;
				LD_RUNPATH_SEARCH_PATHS = (
					"$(inherited)",
					"@executable_path/Frameworks",
					"@loader_path/Frameworks",
				);
				PRODUCT_BUNDLE_IDENTIFIER = com.ruchiram.TodoUITests;
				PRODUCT_NAME = "$(TARGET_NAME)";
				SWIFT_VERSION = 5.0;
				TARGETED_DEVICE_FAMILY = "1,2";
				TEST_TARGET_NAME = Todo;
			};
			name = Release;
		};
/* End XCBuildConfiguration section */

/* Begin XCConfigurationList section */
		EA7FAD2423EC57FB00EABFE2 /* Build configuration list for PBXProject "Todo" */ = {
			isa = XCConfigurationList;
			buildConfigurations = (
				EA7FAD5123EC57FF00EABFE2 /* Debug */,
				EA7FAD5223EC57FF00EABFE2 /* Release */,
			);
			defaultConfigurationIsVisible = 0;
			defaultConfigurationName = Release;
		};
		EA7FAD5323EC57FF00EABFE2 /* Build configuration list for PBXNativeTarget "Todo" */ = {
			isa = XCConfigurationList;
			buildConfigurations = (
				EA7FAD5423EC57FF00EABFE2 /* Debug */,
				EA7FAD5523EC57FF00EABFE2 /* Release */,
			);
			defaultConfigurationIsVisible = 0;
			defaultConfigurationName = Release;
		};
		EA7FAD5623EC57FF00EABFE2 /* Build configuration list for PBXNativeTarget "TodoTests" */ = {
			isa = XCConfigurationList;
			buildConfigurations = (
				EA7FAD5723EC57FF00EABFE2 /* Debug */,
				EA7FAD5823EC57FF00EABFE2 /* Release */,
			);
			defaultConfigurationIsVisible = 0;
			defaultConfigurationName = Release;
		};
		EA7FAD5923EC57FF00EABFE2 /* Build configuration list for PBXNativeTarget "TodoUITests" */ = {
			isa = XCConfigurationList;
			buildConfigurations = (
				EA7FAD5A23EC57FF00EABFE2 /* Debug */,
				EA7FAD5B23EC57FF00EABFE2 /* Release */,
			);
			defaultConfigurationIsVisible = 0;
			defaultConfigurationName = Release;
		};
/* End XCConfigurationList section */
	};
	rootObject = EA7FAD2123EC57FB00EABFE2 /* Project object */;
}
